
Microsoft Visual Studio Solution File, Format Version 12.00
# Visual Studio 14
VisualStudioVersion = 14.0.23107.0
MinimumVisualStudioVersion = 10.0.40219.1
Project("{FAE04EC0-301F-11D3-BF4B-00C04F79EFBC}") = "DigitalServices", "DigitalServices.csproj", "{EE2899B4-DDBB-41CE-A2D2-ED1208280760}"
EndProject
Global
	GlobalSection(SolutionConfigurationPlatforms) = preSolution
		Debug|Any CPU = Debug|Any CPU
		Release|Any CPU = Release|Any CPU
	EndGlobalSection
	GlobalSection(ProjectConfigurationPlatforms) = postSolution
		{EE2899B4-DDBB-41CE-A2D2-ED1208280760}.Debug|Any CPU.ActiveCfg = Debug|Any CPU
		{EE2899B4-DDBB-41CE-A2D2-ED1208280760}.Debug|Any CPU.Build.0 = Debug|Any CPU
		{EE2899B4-DDBB-41CE-A2D2-ED1208280760}.Release|Any CPU.ActiveCfg = Release|Any CPU
		{EE2899B4-DDBB-41CE-A2D2-ED1208280760}.Release|Any CPU.Build.0 = Release|Any CPU
	EndGlobalSection
	GlobalSection(SolutionProperties) = preSolution
		HideSolutionNode = FALSE
	EndGlobalSection
EndGlobal
